// !$*UTF8*$!
{
	archiveVersion = 1;
	classes = {
	};
	objectVersion = 46;
	objects = {

/* Begin PBXBuildFile section */
		B62102451AD3173400B7BA72 /* main.cpp in Sources */ = {isa = PBXBuildFile; fileRef = B62102421AD3173400B7BA72 /* main.cpp */; };
		B62102461AD3173400B7BA72 /* rbLinkedList.cpp in Sources */ = {isa = PBXBuildFile; fileRef = B62102431AD3173400B7BA72 /* rbLinkedList.cpp */; };
/* End PBXBuildFile section */

/* Begin PBXCopyFilesBuildPhase section */
		B62102361AD316D200B7BA72 /* CopyFiles */ = {
			isa = PBXCopyFilesBuildPhase;
			buildActionMask = 2147483647;
			dstPath = /usr/share/man/man1/;
			dstSubfolderSpec = 0;
			files = (
			);
			runOnlyForDeploymentPostprocessing = 1;
		};
/* End PBXCopyFilesBuildPhase section */

/* Begin PBXFileReference section */
		B62102381AD316D200B7BA72 /* ccpLinkedList */ = {isa = PBXFileReference; explicitFileType = "compiled.mach-o.executable"; includeInIndex = 0; path = ccpLinkedList; sourceTree = BUILT_PRODUCTS_DIR; };
		B62102421AD3173400B7BA72 /* main.cpp */ = {isa = PBXFileReference; fileEncoding = 4; lastKnownFileType = sourcecode.cpp.cpp; path = main.cpp; sourceTree = "<group>"; };
		B62102431AD3173400B7BA72 /* rbLinkedList.cpp */ = {isa = PBXFileReference; fileEncoding = 4; lastKnownFileType = sourcecode.cpp.cpp; path = rbLinkedList.cpp; sourceTree = "<group>"; };
		B62102441AD3173400B7BA72 /* rbLinkedList.h */ = {isa = PBXFileReference; fileEncoding = 4; lastKnownFileType = sourcecode.c.h; path = rbLinkedList.h; sourceTree = "<group>"; };
/* End PBXFileReference section */

/* Begin PBXFrameworksBuildPhase section */
		B62102351AD316D200B7BA72 /* Frameworks */ = {
			isa = PBXFrameworksBuildPhase;
			buildActionMask = 2147483647;
			files = (
			);
			runOnlyForDeploymentPostprocessing = 0;
		};
/* End PBXFrameworksBuildPhase section */

/* Begin PBXGroup section */
		B621022F1AD316D200B7BA72 = {
			isa = PBXGroup;
			children = (
				B621023A1AD316D200B7BA72 /* ccpLinkedList */,
				B62102391AD316D200B7BA72 /* Products */,
			);
			sourceTree = "<group>";
		};
		B62102391AD316D200B7BA72 /* Products */ = {
			isa = PBXGroup;
			children = (
				B62102381AD316D200B7BA72 /* ccpLinkedList */,
			);
			name = Products;
			sourceTree = "<group>";
		};
		B621023A1AD316D200B7BA72 /* ccpLinkedList */ = {
			isa = PBXGroup;
			children = (
				B62102421AD3173400B7BA72 /* main.cpp */,
				B62102431AD3173400B7BA72 /* rbLinkedList.cpp */,
				B62102441AD3173400B7BA72 /* rbLinkedList.h */,
			);
			path = ccpLinkedList;
			sourceTree = "<group>";
		};
/* End PBXGroup section */

/* Begin PBXNativeTarget section */
		B62102371AD316D200B7BA72 /* ccpLinkedList */ = {
			isa = PBXNativeTarget;
			buildConfigurationList = B621023F1AD316D200B7BA72 /* Build configuration list for PBXNativeTarget "ccpLinkedList" */;
			buildPhases = (
				B62102341AD316D200B7BA72 /* Sources */,
				B62102351AD316D200B7BA72 /* Frameworks */,
				B62102361AD316D200B7BA72 /* CopyFiles */,
			);
			buildRules = (
			);
			dependencies = (
			);
			name = ccpLinkedList;
			productName = ccpLinkedList;
			productReference = B62102381AD316D200B7BA72 /* ccpLinkedList */;
			productType = "com.apple.product-type.tool";
		};
/* End PBXNativeTarget section */

/* Begin PBXProject section */
		B62102301AD316D200B7BA72 /* Project object */ = {
			isa = PBXProject;
			attributes = {
				LastUpgradeCheck = 0620;
				ORGANIZATIONNAME = "Ryan Bemowski";
				TargetAttributes = {
					B62102371AD316D200B7BA72 = {
						CreatedOnToolsVersion = 6.2;
					};
				};
			};
			buildConfigurationList = B62102331AD316D200B7BA72 /* Build configuration list for PBXProject "ccpLinkedList" */;
			compatibilityVersion = "Xcode 3.2";
			developmentRegion = English;
			hasScannedForEncodings = 0;
			knownRegions = (
				en,
			);
			mainGroup = B621022F1AD316D200B7BA72;
			productRefGroup = B62102391AD316D200B7BA72 /* Products */;
			projectDirPath = "";
			projectRoot = "";
			targets = (
				B62102371AD316D200B7BA72 /* ccpLinkedList */,
			);
		};
/* End PBXProject section */

/* Begin PBXSourcesBuildPhase section */
		B62102341AD316D200B7BA72 /* Sources */ = {
			isa = PBXSourcesBuildPhase;
			buildActionMask = 2147483647;
			files = (
				B62102461AD3173400B7BA72 /* rbLinkedList.cpp in Sources */,
				B62102451AD3173400B7BA72 /* main.cpp in Sources */,
			);
			runOnlyForDeploymentPostprocessing = 0;
		};
/* End PBXSourcesBuildPhase section */

/* Begin XCBuildConfiguration section */
		B621023D1AD316D200B7BA72 /* Debug */ = {
			isa = XCBuildConfiguration;
			buildSettings = {
				ALWAYS_SEARCH_USER_PATHS = NO;
				CLANG_CXX_LANGUAGE_STANDARD = "gnu++0x";
				CLANG_CXX_LIBRARY = "libc++";
				CLANG_ENABLE_MODULES = YES;
				CLANG_ENABLE_OBJC_ARC = YES;
				CLANG_WARN_BOOL_CONVERSION = YES;
				CLANG_WARN_CONSTANT_CONVERSION = YES;
				CLANG_WARN_DIRECT_OBJC_ISA_USAGE = YES_ERROR;
				CLANG_WARN_EMPTY_BODY = YES;
				CLANG_WARN_ENUM_CONVERSION = YES;
				CLANG_WARN_INT_CONVERSION = YES;
				CLANG_WARN_OBJC_ROOT_CLASS = YES_ERROR;
				CLANG_WARN_UNREACHABLE_CODE = YES;
				CLANG_WARN__DUPLICATE_METHOD_MATCH = YES;
				COPY_PHASE_STRIP = NO;
				ENABLE_STRICT_OBJC_MSGSEND = YES;
				GCC_C_LANGUAGE_STANDARD = gnu99;
				GCC_DYNAMIC_NO_PIC = NO;
				GCC_OPTIMIZATION_LEVEL = 0;
				GCC_PREPROCESSOR_DEFINITIONS = (
					"DEBUG=1",
					"$(inherited)",
				);
				GCC_SYMBOLS_PRIVATE_EXTERN = NO;
				GCC_WARN_64_TO_32_BIT_CONVERSION = YES;
				GCC_WARN_ABOUT_RETURN_TYPE = YES_ERROR;
				GCC_WARN_UNDECLARED_SELECTOR = YES;
				GCC_WARN_UNINITIALIZED_AUTOS = YES_AGGRESSIVE;
				GCC_WARN_UNUSED_FUNCTION = YES;
				GCC_WARN_UNUSED_VARIABLE = YES;
				MACOSX_DEPLOYMENT_TARGET = 10.10;
				MTL_ENABLE_DEBUG_INFO = YES;
				ONLY_ACTIVE_ARCH = YES;
				SDKROOT = macosx;
			};
			name = Debug;
		};
		B621023E1AD316D200B7BA72 /* Release */ = {
			isa = XCBuildConfiguration;
			buildSettings = {
				ALWAYS_SEARCH_USER_PATHS = NO;
				CLANG_CXX_LANGUAGE_STANDARD = "gnu++0x";
				CLANG_CXX_LIBRARY = "libc++";
				CLANG_ENABLE_MODULES = YES;
				CLANG_ENABLE_OBJC_ARC = YES;
				CLANG_WARN_BOOL_CONVERSION = YES;
				CLANG_WARN_CONSTANT_CONVERSION = YES;
				CLANG_WARN_DIRECT_OBJC_ISA_USAGE = YES_ERROR;
				CLANG_WARN_EMPTY_BODY = YES;
				CLANG_WARN_ENUM_CONVERSION = YES;
				CLANG_WARN_INT_CONVERSION = YES;
				CLANG_WARN_OBJC_ROOT_CLASS = YES_ERROR;
				CLANG_WARN_UNREACHABLE_CODE = YES;
				CLANG_WARN__DUPLICATE_METHOD_MATCH = YES;
				COPY_PHASE_STRIP = NO;
				DEBUG_INFORMATION_FORMAT = "dwarf-with-dsym";
				ENABLE_NS_ASSERTIONS = NO;
				ENABLE_STRICT_OBJC_MSGSEND = YES;
				GCC_C_LANGUAGE_STANDARD = gnu99;
				GCC_WARN_64_TO_32_BIT_CONVERSION = YES;
				GCC_WARN_ABOUT_RETURN_TYPE = YES_ERROR;
				GCC_WARN_UNDECLARED_SELECTOR = YES;
				GCC_WARN_UNINITIALIZED_AUTOS = YES_AGGRESSIVE;
				GCC_WARN_UNUSED_FUNCTION = YES;
				GCC_WARN_UNUSED_VARIABLE = YES;
				MACOSX_DEPLOYMENT_TARGET = 10.10;
				MTL_ENABLE_DEBUG_INFO = NO;
				SDKROOT = macosx;
			};
			name = Release;
		};
		B62102401AD316D200B7BA72 /* Debug */ = {
			isa = XCBuildConfiguration;
			buildSettings = {
				PRODUCT_NAME = "$(TARGET_NAME)";
			};
			name = Debug;
		};
		B62102411AD316D200B7BA72 /* Release */ = {
			isa = XCBuildConfiguration;
			buildSettings = {
				PRODUCT_NAME = "$(TARGET_NAME)";
			};
			name = Release;
		};
/* End XCBuildConfiguration section */

/* Begin XCConfigurationList section */
		B62102331AD316D200B7BA72 /* Build configuration list for PBXProject "ccpLinkedList" */ = {
			isa = XCConfigurationList;
			buildConfigurations = (
				B621023D1AD316D200B7BA72 /* Debug */,
				B621023E1AD316D200B7BA72 /* Release */,
			);
			defaultConfigurationIsVisible = 0;
			defaultConfigurationName = Release;
		};
		B621023F1AD316D200B7BA72 /* Build configuration list for PBXNativeTarget "ccpLinkedList" */ = {
			isa = XCConfigurationList;
			buildConfigurations = (
				B62102401AD316D200B7BA72 /* Debug */,
				B62102411AD316D200B7BA72 /* Release */,
			);
			defaultConfigurationIsVisible = 0;
			defaultConfigurationName = Release;
		};
/* End XCConfigurationList section */
	};
	rootObject = B62102301AD316D200B7BA72 /* Project object */;
}
